<?xml version="1.0" encoding="utf-8"?>
<Project ToolsVersion="4.0" xmlns="http://schemas.microsoft.com/developer/msbuild/2003">
  <ItemGroup>
    <Filter Include="Source Files">
      <UniqueIdentifier>{4FC737F1-C7A5-4376-A066-2A32D752A2FF}</UniqueIdentifier>
      <Extensions>cpp;c;cc;cxx;def;odl;idl;hpj;bat;asm;asmx</Extensions>
    </Filter>
    <Filter Include="Header Files">
      <UniqueIdentifier>{93995380-89BD-4b04-88EB-625FBE52EBFB}</UniqueIdentifier>
      <Extensions>h;hh;hpp;hxx;hm;inl;inc;xsd</Extensions>
    </Filter>
    <Filter Include="Resource Files">
      <UniqueIdentifier>{67DA6AB6-F800-4c08-8B7A-83BB121AAD01}</UniqueIdentifier>
      <Extensions>rc;ico;cur;bmp;dlg;rc2;rct;bin;rgs;gif;jpg;jpeg;jpe;resx;tiff;tif;png;wav</Extensions>
    </Filter>
  </ItemGroup>
  <ItemGroup>
    <ClCompile Include="main.cpp">
      <Filter>Source Files</Filter>
    </ClCompile>
    <ClCompile Include="events\eventmanager.cpp">
      <Filter>Source Files</Filter>
    </ClCompile>
    <ClCompile Include="game\deckloader.cpp">
      <Filter>Source Files</Filter>
    </ClCompile>
    <ClCompile Include="game\gamemanager.cpp">
      <Filter>Source Files</Filter>
    </ClCompile>
    <ClCompile Include="game\menustate.cpp">
      <Filter>Source Files</Filter>
    </ClCompile>
    <ClCompile Include="rendering\displaymanager.cpp">
      <Filter>Source Files</Filter>
    </ClCompile>
    <ClCompile Include="rendering\dx11constantbuffer.cpp">
      <Filter>Source Files</Filter>
    </ClCompile>
    <ClCompile Include="rendering\dx11geometry.cpp">
      <Filter>Source Files</Filter>
    </ClCompile>
    <ClCompile Include="rendering\dx11renderer.cpp">
      <Filter>Source Files</Filter>
    </ClCompile>
    <ClCompile Include="rendering\dx11resourceloader.cpp">
      <Filter>Source Files</Filter>
    </ClCompile>
    <ClCompile Include="rendering\dx11shader.cpp">
      <Filter>Source Files</Filter>
    </ClCompile>
    <ClCompile Include="rendering\dx11texture.cpp">
      <Filter>Source Files</Filter>
    </ClCompile>
    <ClCompile Include="game\maptestingresourcemanager.cpp">
      <Filter>Source Files</Filter>
    </ClCompile>
    <ClCompile Include="game\maptestingstate.cpp">
      <Filter>Source Files</Filter>
    </ClCompile>
    <ClCompile Include="game\menu.cpp">
      <Filter>Source Files</Filter>
    </ClCompile>
    <ClCompile Include="game\resourcemanager.cpp">
      <Filter>Source Files</Filter>
    </ClCompile>
  </ItemGroup>
  <ItemGroup>
    <ClInclude Include="core\constants.hpp">
      <Filter>Header Files</Filter>
    </ClInclude>
    <ClInclude Include="core\engine.hpp">
      <Filter>Header Files</Filter>
    </ClInclude>
    <ClInclude Include="events\eventmanager.h">
      <Filter>Header Files</Filter>
    </ClInclude>
    <ClInclude Include="events\hidmanager.h">
      <Filter>Header Files</Filter>
    </ClInclude>
    <ClInclude Include="game\deckloader.h">
      <Filter>Header Files</Filter>
    </ClInclude>
    <ClInclude Include="game\game.h">
      <Filter>Header Files</Filter>
    </ClInclude>
    <ClInclude Include="game\gamemanager.h">
      <Filter>Header Files</Filter>
    </ClInclude>
    <ClInclude Include="game\deckettings.hpp">
      <Filter>Header Files</Filter>
    </ClInclude>
    <ClInclude Include="game\gamestate.hpp">
      <Filter>Header Files</Filter>
    </ClInclude>
    <ClInclude Include="game\gamestates.hpp">
      <Filter>Header Files</Filter>
    </ClInclude>
    <ClInclude Include="game\map.hpp">
      <Filter>Header Files</Filter>
    </ClInclude>
    <ClInclude Include="game\mapfactory.hpp">
      <Filter>Header Files</Filter>
    </ClInclude>
    <ClInclude Include="game\mapkit.hpp">
      <Filter>Header Files</Filter>
    </ClInclude>
    <ClInclude Include="game\maputility.hpp">
      <Filter>Header Files</Filter>
    </ClInclude>
    <ClInclude Include="game\menu.hpp">
      <Filter>Header Files</Filter>
    </ClInclude>
    <ClInclude Include="game\types.hpp">
      <Filter>Header Files</Filter>
    </ClInclude>
    <ClInclude Include="physics\physicsmanager.h">
      <Filter>Header Files</Filter>
    </ClInclude>
    <ClInclude Include="rendering\displaymanager.h">
      <Filter>Header Files</Filter>
    </ClInclude>
    <ClInclude Include="rendering\dx11renderer.h">
      <Filter>Header Files</Filter>
    </ClInclude>
    <ClInclude Include="rendering\dx11structs.h">
      <Filter>Header Files</Filter>
    </ClInclude>
    <ClInclude Include="rendering\comptrhack.hpp">
      <Filter>Header Files</Filter>
    </ClInclude>
    <ClInclude Include="sound\soundmanager.h">
      <Filter>Header Files</Filter>
    </ClInclude>
    <ClInclude Include="events\eventstructs.hpp">
      <Filter>Header Files</Filter>
    </ClInclude>
    <ClInclude Include="game\constants.hpp">
      <Filter>Header Files</Filter>
    </ClInclude>
    <ClInclude Include="game\gamerenderstructs.hpp">
      <Filter>Header Files</Filter>
    </ClInclude>
    <ClInclude Include="game\maptools.hpp">
      <Filter>Header Files</Filter>
    </ClInclude>
    <ClInclude Include="game\resourcemanager.h">
      <Filter>Header Files</Filter>
    </ClInclude>
    <ClInclude Include="rendering\dx11fwd.hpp">
      <Filter>Header Files</Filter>
    </ClInclude>
  </ItemGroup>
  <ItemGroup>
    <None Include="shaders\colored_quad.ps" />
    <None Include="shaders\colored_quad.vs" />
    <None Include="shaders\focusable_textured_quad.ps" />
  </ItemGroup>
</Project>